// !$*UTF8*$!
{
	archiveVersion = 1;
	classes = {
	};
	objectVersion = 50;
	objects = {

/* Begin PBXBuildFile section */
		C3025BD42723199700EE1688 /* Tests_iOS.swift in Sources */ = {isa = PBXBuildFile; fileRef = C3025BD32723199700EE1688 /* Tests_iOS.swift */; };
		C3025BDF2723199700EE1688 /* Tests_macOS.swift in Sources */ = {isa = PBXBuildFile; fileRef = C3025BDE2723199700EE1688 /* Tests_macOS.swift */; };
		C3025BE12723199700EE1688 /* NFTVApp.swift in Sources */ = {isa = PBXBuildFile; fileRef = C3025BB82723199400EE1688 /* NFTVApp.swift */; };
		C3025BE22723199700EE1688 /* NFTVApp.swift in Sources */ = {isa = PBXBuildFile; fileRef = C3025BB82723199400EE1688 /* NFTVApp.swift */; };
		C3025BE32723199700EE1688 /* ContentView.swift in Sources */ = {isa = PBXBuildFile; fileRef = C3025BB92723199400EE1688 /* ContentView.swift */; };
		C3025BE42723199700EE1688 /* ContentView.swift in Sources */ = {isa = PBXBuildFile; fileRef = C3025BB92723199400EE1688 /* ContentView.swift */; };
		C3025BE52723199700EE1688 /* Assets.xcassets in Resources */ = {isa = PBXBuildFile; fileRef = C3025BBA2723199700EE1688 /* Assets.xcassets */; };
		C3025BE62723199700EE1688 /* Assets.xcassets in Resources */ = {isa = PBXBuildFile; fileRef = C3025BBA2723199700EE1688 /* Assets.xcassets */; };
		C3025C0027231ACD00EE1688 /* Assets.xcassets in Resources */ = {isa = PBXBuildFile; fileRef = C3025BFF27231ACD00EE1688 /* Assets.xcassets */; };
		C3025C0327231ACD00EE1688 /* Preview Assets.xcassets in Resources */ = {isa = PBXBuildFile; fileRef = C3025C0227231ACD00EE1688 /* Preview Assets.xcassets */; };
		C3025C0E27231ACD00EE1688 /* NFTVTests.swift in Sources */ = {isa = PBXBuildFile; fileRef = C3025C0D27231ACD00EE1688 /* NFTVTests.swift */; };
		C3025C1927231ACD00EE1688 /* NFTVUITests.swift in Sources */ = {isa = PBXBuildFile; fileRef = C3025C1827231ACD00EE1688 /* NFTVUITests.swift */; };
		C3025C2627234FE800EE1688 /* OpenSeaAPI.swift in Sources */ = {isa = PBXBuildFile; fileRef = C3025C2527234FE800EE1688 /* OpenSeaAPI.swift */; };
		C3025C2827239B8700EE1688 /* ActivityView.swift in Sources */ = {isa = PBXBuildFile; fileRef = C3025C2727239B8700EE1688 /* ActivityView.swift */; };
		C3025C2927239B8700EE1688 /* ActivityView.swift in Sources */ = {isa = PBXBuildFile; fileRef = C3025C2727239B8700EE1688 /* ActivityView.swift */; };
		C3025C3127239ECB00EE1688 /* AccountView.swift in Sources */ = {isa = PBXBuildFile; fileRef = C3025C3027239ECB00EE1688 /* AccountView.swift */; };
		C3025C3227239ECB00EE1688 /* AccountView.swift in Sources */ = {isa = PBXBuildFile; fileRef = C3025C3027239ECB00EE1688 /* AccountView.swift */; };
		C3025C3327239ECB00EE1688 /* AccountView.swift in Sources */ = {isa = PBXBuildFile; fileRef = C3025C3027239ECB00EE1688 /* AccountView.swift */; };
		C3025C3527239EF700EE1688 /* OpenSeaAccount.swift in Sources */ = {isa = PBXBuildFile; fileRef = C3025C3427239EF700EE1688 /* OpenSeaAccount.swift */; };
		C3025C3627239EF700EE1688 /* OpenSeaAccount.swift in Sources */ = {isa = PBXBuildFile; fileRef = C3025C3427239EF700EE1688 /* OpenSeaAccount.swift */; };
		C3025C3727239EF700EE1688 /* OpenSeaAccount.swift in Sources */ = {isa = PBXBuildFile; fileRef = C3025C3427239EF700EE1688 /* OpenSeaAccount.swift */; };
		C3025C3D2723A0E500EE1688 /* SignInView.swift in Sources */ = {isa = PBXBuildFile; fileRef = C3025C3C2723A0E500EE1688 /* SignInView.swift */; };
		C3025C3E2723A0E500EE1688 /* SignInView.swift in Sources */ = {isa = PBXBuildFile; fileRef = C3025C3C2723A0E500EE1688 /* SignInView.swift */; };
		C3025C3F2723A0E500EE1688 /* SignInView.swift in Sources */ = {isa = PBXBuildFile; fileRef = C3025C3C2723A0E500EE1688 /* SignInView.swift */; };
		C38109242726F83D004EF6C1 /* OpenSeaModel.swift in Sources */ = {isa = PBXBuildFile; fileRef = C38109232726F83D004EF6C1 /* OpenSeaModel.swift */; };
		C38109252726F83D004EF6C1 /* OpenSeaModel.swift in Sources */ = {isa = PBXBuildFile; fileRef = C38109232726F83D004EF6C1 /* OpenSeaModel.swift */; };
		C38109262726F83D004EF6C1 /* OpenSeaModel.swift in Sources */ = {isa = PBXBuildFile; fileRef = C38109232726F83D004EF6C1 /* OpenSeaModel.swift */; };
		C3810928272703C2004EF6C1 /* OpenSeaAccount.swift in Sources */ = {isa = PBXBuildFile; fileRef = C3025C3427239EF700EE1688 /* OpenSeaAccount.swift */; };
		C3810929272703F8004EF6C1 /* OpenSeaAPI.swift in Sources */ = {isa = PBXBuildFile; fileRef = C3025C2527234FE800EE1688 /* OpenSeaAPI.swift */; };
		C381092A27270408004EF6C1 /* OpenSeaModel.swift in Sources */ = {isa = PBXBuildFile; fileRef = C38109232726F83D004EF6C1 /* OpenSeaModel.swift */; };
		C381092C272704AC004EF6C1 /* AccountDetailView.swift in Sources */ = {isa = PBXBuildFile; fileRef = C381092B272704AC004EF6C1 /* AccountDetailView.swift */; };
		C381092D272704AC004EF6C1 /* AccountDetailView.swift in Sources */ = {isa = PBXBuildFile; fileRef = C381092B272704AC004EF6C1 /* AccountDetailView.swift */; };
		C381092E272704AC004EF6C1 /* AccountDetailView.swift in Sources */ = {isa = PBXBuildFile; fileRef = C381092B272704AC004EF6C1 /* AccountDetailView.swift */; };
		C3810930272704FF004EF6C1 /* AccountImageView.swift in Sources */ = {isa = PBXBuildFile; fileRef = C381092F272704FF004EF6C1 /* AccountImageView.swift */; };
		C3810931272704FF004EF6C1 /* AccountImageView.swift in Sources */ = {isa = PBXBuildFile; fileRef = C381092F272704FF004EF6C1 /* AccountImageView.swift */; };
		C3810932272704FF004EF6C1 /* AccountImageView.swift in Sources */ = {isa = PBXBuildFile; fileRef = C381092F272704FF004EF6C1 /* AccountImageView.swift */; };
		C381093427270603004EF6C1 /* AccountTextStack.swift in Sources */ = {isa = PBXBuildFile; fileRef = C381093327270603004EF6C1 /* AccountTextStack.swift */; };
		C381093527270603004EF6C1 /* AccountTextStack.swift in Sources */ = {isa = PBXBuildFile; fileRef = C381093327270603004EF6C1 /* AccountTextStack.swift */; };
		C381093627270603004EF6C1 /* AccountTextStack.swift in Sources */ = {isa = PBXBuildFile; fileRef = C381093327270603004EF6C1 /* AccountTextStack.swift */; };
		C3AE50952726E26D0015DB81 /* ContentView.swift in Sources */ = {isa = PBXBuildFile; fileRef = C3025BB92723199400EE1688 /* ContentView.swift */; };
		C3AE50A42726E2C50015DB81 /* OpenSeaAPI.swift in Sources */ = {isa = PBXBuildFile; fileRef = C3025C2527234FE800EE1688 /* OpenSeaAPI.swift */; };
		C3AE50AC2726E2C70015DB81 /* OpenSeaAPI.swift in Sources */ = {isa = PBXBuildFile; fileRef = C3025C2527234FE800EE1688 /* OpenSeaAPI.swift */; };
		C3AE50DE2726E3B40015DB81 /* ActivityView.swift in Sources */ = {isa = PBXBuildFile; fileRef = C3025C2727239B8700EE1688 /* ActivityView.swift */; };
		C3AE51122726E4400015DB81 /* NFTVApp.swift in Sources */ = {isa = PBXBuildFile; fileRef = C3025BB82723199400EE1688 /* NFTVApp.swift */; };
		C3BEF7092728461300C65A2D /* AccountInfo.swift in Sources */ = {isa = PBXBuildFile; fileRef = C3BEF7082728461300C65A2D /* AccountInfo.swift */; };
		C3BEF70A2728461300C65A2D /* AccountInfo.swift in Sources */ = {isa = PBXBuildFile; fileRef = C3BEF7082728461300C65A2D /* AccountInfo.swift */; };
		C3BEF70B2728461300C65A2D /* AccountInfo.swift in Sources */ = {isa = PBXBuildFile; fileRef = C3BEF7082728461300C65A2D /* AccountInfo.swift */; };
		C3BEF70C2728461300C65A2D /* AccountInfo.swift in Sources */ = {isa = PBXBuildFile; fileRef = C3BEF7082728461300C65A2D /* AccountInfo.swift */; };
/* End PBXBuildFile section */

/* Begin PBXContainerItemProxy section */
		C3025BD02723199700EE1688 /* PBXContainerItemProxy */ = {
			isa = PBXContainerItemProxy;
			containerPortal = C3025BB32723199300EE1688 /* Project object */;
			proxyType = 1;
			remoteGlobalIDString = C3025BBE2723199700EE1688;
			remoteInfo = "NFTV (iOS)";
		};
		C3025BDB2723199700EE1688 /* PBXContainerItemProxy */ = {
			isa = PBXContainerItemProxy;
			containerPortal = C3025BB32723199300EE1688 /* Project object */;
			proxyType = 1;
			remoteGlobalIDString = C3025BC62723199700EE1688;
			remoteInfo = "NFTV (macOS)";
		};
		C3025C0A27231ACD00EE1688 /* PBXContainerItemProxy */ = {
			isa = PBXContainerItemProxy;
			containerPortal = C3025BB32723199300EE1688 /* Project object */;
			proxyType = 1;
			remoteGlobalIDString = C3025BF827231ACC00EE1688;
			remoteInfo = NFTV;
		};
		C3025C1527231ACD00EE1688 /* PBXContainerItemProxy */ = {
			isa = PBXContainerItemProxy;
			containerPortal = C3025BB32723199300EE1688 /* Project object */;
			proxyType = 1;
			remoteGlobalIDString = C3025BF827231ACC00EE1688;
			remoteInfo = NFTV;
		};
/* End PBXContainerItemProxy section */

/* Begin PBXFileReference section */
		C3025BB82723199400EE1688 /* NFTVApp.swift */ = {isa = PBXFileReference; lastKnownFileType = sourcecode.swift; path = NFTVApp.swift; sourceTree = "<group>"; };
		C3025BB92723199400EE1688 /* ContentView.swift */ = {isa = PBXFileReference; lastKnownFileType = sourcecode.swift; path = ContentView.swift; sourceTree = "<group>"; };
		C3025BBA2723199700EE1688 /* Assets.xcassets */ = {isa = PBXFileReference; lastKnownFileType = folder.assetcatalog; path = Assets.xcassets; sourceTree = "<group>"; };
		C3025BBF2723199700EE1688 /* NFTV.app */ = {isa = PBXFileReference; explicitFileType = wrapper.application; includeInIndex = 0; path = NFTV.app; sourceTree = BUILT_PRODUCTS_DIR; };
		C3025BC22723199700EE1688 /* Info.plist */ = {isa = PBXFileReference; lastKnownFileType = text.plist.xml; path = Info.plist; sourceTree = "<group>"; };
		C3025BC72723199700EE1688 /* NFTV.app */ = {isa = PBXFileReference; explicitFileType = wrapper.application; includeInIndex = 0; path = NFTV.app; sourceTree = BUILT_PRODUCTS_DIR; };
		C3025BC92723199700EE1688 /* Info.plist */ = {isa = PBXFileReference; lastKnownFileType = text.plist.xml; path = Info.plist; sourceTree = "<group>"; };
		C3025BCA2723199700EE1688 /* macOS.entitlements */ = {isa = PBXFileReference; lastKnownFileType = text.plist.entitlements; path = macOS.entitlements; sourceTree = "<group>"; };
		C3025BCF2723199700EE1688 /* Tests iOS.xctest */ = {isa = PBXFileReference; explicitFileType = wrapper.cfbundle; includeInIndex = 0; path = "Tests iOS.xctest"; sourceTree = BUILT_PRODUCTS_DIR; };
		C3025BD32723199700EE1688 /* Tests_iOS.swift */ = {isa = PBXFileReference; lastKnownFileType = sourcecode.swift; path = Tests_iOS.swift; sourceTree = "<group>"; };
		C3025BD52723199700EE1688 /* Info.plist */ = {isa = PBXFileReference; lastKnownFileType = text.plist.xml; path = Info.plist; sourceTree = "<group>"; };
		C3025BDA2723199700EE1688 /* Tests macOS.xctest */ = {isa = PBXFileReference; explicitFileType = wrapper.cfbundle; includeInIndex = 0; path = "Tests macOS.xctest"; sourceTree = BUILT_PRODUCTS_DIR; };
		C3025BDE2723199700EE1688 /* Tests_macOS.swift */ = {isa = PBXFileReference; lastKnownFileType = sourcecode.swift; path = Tests_macOS.swift; sourceTree = "<group>"; };
		C3025BE02723199700EE1688 /* Info.plist */ = {isa = PBXFileReference; lastKnownFileType = text.plist.xml; path = Info.plist; sourceTree = "<group>"; };
		C3025BF927231ACC00EE1688 /* NFTV.app */ = {isa = PBXFileReference; explicitFileType = wrapper.application; includeInIndex = 0; path = NFTV.app; sourceTree = BUILT_PRODUCTS_DIR; };
		C3025BFF27231ACD00EE1688 /* Assets.xcassets */ = {isa = PBXFileReference; lastKnownFileType = folder.assetcatalog; path = Assets.xcassets; sourceTree = "<group>"; };
		C3025C0227231ACD00EE1688 /* Preview Assets.xcassets */ = {isa = PBXFileReference; lastKnownFileType = folder.assetcatalog; path = "Preview Assets.xcassets"; sourceTree = "<group>"; };
		C3025C0427231ACD00EE1688 /* Info.plist */ = {isa = PBXFileReference; lastKnownFileType = text.plist.xml; path = Info.plist; sourceTree = "<group>"; };
		C3025C0927231ACD00EE1688 /* NFTVTests.xctest */ = {isa = PBXFileReference; explicitFileType = wrapper.cfbundle; includeInIndex = 0; path = NFTVTests.xctest; sourceTree = BUILT_PRODUCTS_DIR; };
		C3025C0D27231ACD00EE1688 /* NFTVTests.swift */ = {isa = PBXFileReference; lastKnownFileType = sourcecode.swift; path = NFTVTests.swift; sourceTree = "<group>"; };
		C3025C0F27231ACD00EE1688 /* Info.plist */ = {isa = PBXFileReference; lastKnownFileType = text.plist.xml; path = Info.plist; sourceTree = "<group>"; };
		C3025C1427231ACD00EE1688 /* NFTVUITests.xctest */ = {isa = PBXFileReference; explicitFileType = wrapper.cfbundle; includeInIndex = 0; path = NFTVUITests.xctest; sourceTree = BUILT_PRODUCTS_DIR; };
		C3025C1827231ACD00EE1688 /* NFTVUITests.swift */ = {isa = PBXFileReference; lastKnownFileType = sourcecode.swift; path = NFTVUITests.swift; sourceTree = "<group>"; };
		C3025C1A27231ACD00EE1688 /* Info.plist */ = {isa = PBXFileReference; lastKnownFileType = text.plist.xml; path = Info.plist; sourceTree = "<group>"; };
		C3025C2527234FE800EE1688 /* OpenSeaAPI.swift */ = {isa = PBXFileReference; lastKnownFileType = sourcecode.swift; path = OpenSeaAPI.swift; sourceTree = "<group>"; };
		C3025C2727239B8700EE1688 /* ActivityView.swift */ = {isa = PBXFileReference; fileEncoding = 4; lastKnownFileType = sourcecode.swift; path = ActivityView.swift; sourceTree = "<group>"; };
		C3025C3027239ECB00EE1688 /* AccountView.swift */ = {isa = PBXFileReference; lastKnownFileType = sourcecode.swift; path = AccountView.swift; sourceTree = "<group>"; };
		C3025C3427239EF700EE1688 /* OpenSeaAccount.swift */ = {isa = PBXFileReference; lastKnownFileType = sourcecode.swift; path = OpenSeaAccount.swift; sourceTree = "<group>"; };
		C3025C3C2723A0E500EE1688 /* SignInView.swift */ = {isa = PBXFileReference; lastKnownFileType = sourcecode.swift; path = SignInView.swift; sourceTree = "<group>"; };
		C38109232726F83D004EF6C1 /* OpenSeaModel.swift */ = {isa = PBXFileReference; lastKnownFileType = sourcecode.swift; path = OpenSeaModel.swift; sourceTree = "<group>"; };
		C381092B272704AC004EF6C1 /* AccountDetailView.swift */ = {isa = PBXFileReference; lastKnownFileType = sourcecode.swift; path = AccountDetailView.swift; sourceTree = "<group>"; };
		C381092F272704FF004EF6C1 /* AccountImageView.swift */ = {isa = PBXFileReference; lastKnownFileType = sourcecode.swift; path = AccountImageView.swift; sourceTree = "<group>"; };
		C381093327270603004EF6C1 /* AccountTextStack.swift */ = {isa = PBXFileReference; lastKnownFileType = sourcecode.swift; path = AccountTextStack.swift; sourceTree = "<group>"; };
		C3BEF7082728461300C65A2D /* AccountInfo.swift */ = {isa = PBXFileReference; lastKnownFileType = sourcecode.swift; path = AccountInfo.swift; sourceTree = "<group>"; };
/* End PBXFileReference section */

/* Begin PBXFrameworksBuildPhase section */
		C3025BBC2723199700EE1688 /* Frameworks */ = {
			isa = PBXFrameworksBuildPhase;
			buildActionMask = 2147483647;
			files = (
			);
			runOnlyForDeploymentPostprocessing = 0;
		};
		C3025BC42723199700EE1688 /* Frameworks */ = {
			isa = PBXFrameworksBuildPhase;
			buildActionMask = 2147483647;
			files = (
			);
			runOnlyForDeploymentPostprocessing = 0;
		};
		C3025BCC2723199700EE1688 /* Frameworks */ = {
			isa = PBXFrameworksBuildPhase;
			buildActionMask = 2147483647;
			files = (
			);
			runOnlyForDeploymentPostprocessing = 0;
		};
		C3025BD72723199700EE1688 /* Frameworks */ = {
			isa = PBXFrameworksBuildPhase;
			buildActionMask = 2147483647;
			files = (
			);
			runOnlyForDeploymentPostprocessing = 0;
		};
		C3025BF627231ACC00EE1688 /* Frameworks */ = {
			isa = PBXFrameworksBuildPhase;
			buildActionMask = 2147483647;
			files = (
			);
			runOnlyForDeploymentPostprocessing = 0;
		};
		C3025C0627231ACD00EE1688 /* Frameworks */ = {
			isa = PBXFrameworksBuildPhase;
			buildActionMask = 2147483647;
			files = (
			);
			runOnlyForDeploymentPostprocessing = 0;
		};
		C3025C1127231ACD00EE1688 /* Frameworks */ = {
			isa = PBXFrameworksBuildPhase;
			buildActionMask = 2147483647;
			files = (
			);
			runOnlyForDeploymentPostprocessing = 0;
		};
/* End PBXFrameworksBuildPhase section */

/* Begin PBXGroup section */
		C3025BB22723199300EE1688 = {
			isa = PBXGroup;
			children = (
				C3025BB72723199400EE1688 /* Shared */,
				C3025BC12723199700EE1688 /* iOS */,
				C3025BC82723199700EE1688 /* macOS */,
				C3025BFA27231ACC00EE1688 /* NFTV */,
				C3025BD22723199700EE1688 /* Tests iOS */,
				C3025BDD2723199700EE1688 /* Tests macOS */,
				C3025C0C27231ACD00EE1688 /* NFTVTests */,
				C3025C1727231ACD00EE1688 /* NFTVUITests */,
				C3025BC02723199700EE1688 /* Products */,
			);
			sourceTree = "<group>";
		};
		C3025BB72723199400EE1688 /* Shared */ = {
			isa = PBXGroup;
			children = (
				C38109272727000E004EF6C1 /* Account */,
				C3AE512A2726E5120015DB81 /* Misc */,
				C3AE51212726E4A30015DB81 /* SignIn */,
				C3025C2427234FD300EE1688 /* Models */,
				C3025BB82723199400EE1688 /* NFTVApp.swift */,
				C3025BB92723199400EE1688 /* ContentView.swift */,
				C3025BBA2723199700EE1688 /* Assets.xcassets */,
			);
			path = Shared;
			sourceTree = "<group>";
		};
		C3025BC02723199700EE1688 /* Products */ = {
			isa = PBXGroup;
			children = (
				C3025BBF2723199700EE1688 /* NFTV.app */,
				C3025BC72723199700EE1688 /* NFTV.app */,
				C3025BCF2723199700EE1688 /* Tests iOS.xctest */,
				C3025BDA2723199700EE1688 /* Tests macOS.xctest */,
				C3025BF927231ACC00EE1688 /* NFTV.app */,
				C3025C0927231ACD00EE1688 /* NFTVTests.xctest */,
				C3025C1427231ACD00EE1688 /* NFTVUITests.xctest */,
			);
			name = Products;
			sourceTree = "<group>";
		};
		C3025BC12723199700EE1688 /* iOS */ = {
			isa = PBXGroup;
			children = (
				C3025BC22723199700EE1688 /* Info.plist */,
			);
			path = iOS;
			sourceTree = "<group>";
		};
		C3025BC82723199700EE1688 /* macOS */ = {
			isa = PBXGroup;
			children = (
				C3025BC92723199700EE1688 /* Info.plist */,
				C3025BCA2723199700EE1688 /* macOS.entitlements */,
			);
			path = macOS;
			sourceTree = "<group>";
		};
		C3025BD22723199700EE1688 /* Tests iOS */ = {
			isa = PBXGroup;
			children = (
				C3025BD32723199700EE1688 /* Tests_iOS.swift */,
				C3025BD52723199700EE1688 /* Info.plist */,
			);
			path = "Tests iOS";
			sourceTree = "<group>";
		};
		C3025BDD2723199700EE1688 /* Tests macOS */ = {
			isa = PBXGroup;
			children = (
				C3025BDE2723199700EE1688 /* Tests_macOS.swift */,
				C3025BE02723199700EE1688 /* Info.plist */,
			);
			path = "Tests macOS";
			sourceTree = "<group>";
		};
		C3025BFA27231ACC00EE1688 /* NFTV */ = {
			isa = PBXGroup;
			children = (
				C3025BFF27231ACD00EE1688 /* Assets.xcassets */,
				C3025C0427231ACD00EE1688 /* Info.plist */,
				C3025C0127231ACD00EE1688 /* Preview Content */,
			);
			path = NFTV;
			sourceTree = "<group>";
		};
		C3025C0127231ACD00EE1688 /* Preview Content */ = {
			isa = PBXGroup;
			children = (
				C3025C0227231ACD00EE1688 /* Preview Assets.xcassets */,
			);
			path = "Preview Content";
			sourceTree = "<group>";
		};
		C3025C0C27231ACD00EE1688 /* NFTVTests */ = {
			isa = PBXGroup;
			children = (
				C3025C0D27231ACD00EE1688 /* NFTVTests.swift */,
				C3025C0F27231ACD00EE1688 /* Info.plist */,
			);
			path = NFTVTests;
			sourceTree = "<group>";
		};
		C3025C1727231ACD00EE1688 /* NFTVUITests */ = {
			isa = PBXGroup;
			children = (
				C3025C1827231ACD00EE1688 /* NFTVUITests.swift */,
				C3025C1A27231ACD00EE1688 /* Info.plist */,
			);
			path = NFTVUITests;
			sourceTree = "<group>";
		};
		C3025C2427234FD300EE1688 /* Models */ = {
			isa = PBXGroup;
			children = (
				C3025C2527234FE800EE1688 /* OpenSeaAPI.swift */,
				C3025C3427239EF700EE1688 /* OpenSeaAccount.swift */,
				C38109232726F83D004EF6C1 /* OpenSeaModel.swift */,
				C3BEF7082728461300C65A2D /* AccountInfo.swift */,
			);
			path = Models;
			sourceTree = "<group>";
		};
		C3025C2B27239E8000EE1688 /* Views */ = {
			isa = PBXGroup;
			children = (
				C3025C3027239ECB00EE1688 /* AccountView.swift */,
				C381092B272704AC004EF6C1 /* AccountDetailView.swift */,
				C381092F272704FF004EF6C1 /* AccountImageView.swift */,
				C381093327270603004EF6C1 /* AccountTextStack.swift */,
			);
			path = Views;
			sourceTree = "<group>";
		};
		C38109272727000E004EF6C1 /* Account */ = {
			isa = PBXGroup;
			children = (
				C3025C2B27239E8000EE1688 /* Views */,
			);
			path = Account;
			sourceTree = "<group>";
		};
		C3AE51212726E4A30015DB81 /* SignIn */ = {
			isa = PBXGroup;
			children = (
				C3AE51222726E4AB0015DB81 /* Views */,
			);
			path = SignIn;
			sourceTree = "<group>";
		};
		C3AE51222726E4AB0015DB81 /* Views */ = {
			isa = PBXGroup;
			children = (
				C3025C3C2723A0E500EE1688 /* SignInView.swift */,
			);
			path = Views;
			sourceTree = "<group>";
		};
		C3AE512A2726E5120015DB81 /* Misc */ = {
			isa = PBXGroup;
			children = (
				C3AE512B2726E5190015DB81 /* Views */,
			);
			path = Misc;
			sourceTree = "<group>";
		};
		C3AE512B2726E5190015DB81 /* Views */ = {
			isa = PBXGroup;
			children = (
				C3025C2727239B8700EE1688 /* ActivityView.swift */,
			);
			path = Views;
			sourceTree = "<group>";
		};
/* End PBXGroup section */

/* Begin PBXNativeTarget section */
		C3025BBE2723199700EE1688 /* NFTV (iOS) */ = {
			isa = PBXNativeTarget;
			buildConfigurationList = C3025BE92723199700EE1688 /* Build configuration list for PBXNativeTarget "NFTV (iOS)" */;
			buildPhases = (
				C3025BBB2723199700EE1688 /* Sources */,
				C3025BBC2723199700EE1688 /* Frameworks */,
				C3025BBD2723199700EE1688 /* Resources */,
			);
			buildRules = (
			);
			dependencies = (
			);
			name = "NFTV (iOS)";
			productName = "NFTV (iOS)";
			productReference = C3025BBF2723199700EE1688 /* NFTV.app */;
			productType = "com.apple.product-type.application";
		};
		C3025BC62723199700EE1688 /* NFTV (macOS) */ = {
			isa = PBXNativeTarget;
			buildConfigurationList = C3025BEC2723199700EE1688 /* Build configuration list for PBXNativeTarget "NFTV (macOS)" */;
			buildPhases = (
				C3025BC32723199700EE1688 /* Sources */,
				C3025BC42723199700EE1688 /* Frameworks */,
				C3025BC52723199700EE1688 /* Resources */,
			);
			buildRules = (
			);
			dependencies = (
			);
			name = "NFTV (macOS)";
			productName = "NFTV (macOS)";
			productReference = C3025BC72723199700EE1688 /* NFTV.app */;
			productType = "com.apple.product-type.application";
		};
		C3025BCE2723199700EE1688 /* Tests iOS */ = {
			isa = PBXNativeTarget;
			buildConfigurationList = C3025BEF2723199700EE1688 /* Build configuration list for PBXNativeTarget "Tests iOS" */;
			buildPhases = (
				C3025BCB2723199700EE1688 /* Sources */,
				C3025BCC2723199700EE1688 /* Frameworks */,
				C3025BCD2723199700EE1688 /* Resources */,
			);
			buildRules = (
			);
			dependencies = (
				C3025BD12723199700EE1688 /* PBXTargetDependency */,
			);
			name = "Tests iOS";
			productName = "Tests iOS";
			productReference = C3025BCF2723199700EE1688 /* Tests iOS.xctest */;
			productType = "com.apple.product-type.bundle.ui-testing";
		};
		C3025BD92723199700EE1688 /* Tests macOS */ = {
			isa = PBXNativeTarget;
			buildConfigurationList = C3025BF22723199700EE1688 /* Build configuration list for PBXNativeTarget "Tests macOS" */;
			buildPhases = (
				C3025BD62723199700EE1688 /* Sources */,
				C3025BD72723199700EE1688 /* Frameworks */,
				C3025BD82723199700EE1688 /* Resources */,
			);
			buildRules = (
			);
			dependencies = (
				C3025BDC2723199700EE1688 /* PBXTargetDependency */,
			);
			name = "Tests macOS";
			productName = "Tests macOS";
			productReference = C3025BDA2723199700EE1688 /* Tests macOS.xctest */;
			productType = "com.apple.product-type.bundle.ui-testing";
		};
		C3025BF827231ACC00EE1688 /* NFTV */ = {
			isa = PBXNativeTarget;
			buildConfigurationList = C3025C1B27231ACD00EE1688 /* Build configuration list for PBXNativeTarget "NFTV" */;
			buildPhases = (
				C3025BF527231ACC00EE1688 /* Sources */,
				C3025BF627231ACC00EE1688 /* Frameworks */,
				C3025BF727231ACC00EE1688 /* Resources */,
			);
			buildRules = (
			);
			dependencies = (
			);
			name = NFTV;
			productName = NFTV;
			productReference = C3025BF927231ACC00EE1688 /* NFTV.app */;
			productType = "com.apple.product-type.application";
		};
		C3025C0827231ACD00EE1688 /* NFTVTests */ = {
			isa = PBXNativeTarget;
			buildConfigurationList = C3025C1E27231ACD00EE1688 /* Build configuration list for PBXNativeTarget "NFTVTests" */;
			buildPhases = (
				C3025C0527231ACD00EE1688 /* Sources */,
				C3025C0627231ACD00EE1688 /* Frameworks */,
				C3025C0727231ACD00EE1688 /* Resources */,
			);
			buildRules = (
			);
			dependencies = (
				C3025C0B27231ACD00EE1688 /* PBXTargetDependency */,
			);
			name = NFTVTests;
			productName = NFTVTests;
			productReference = C3025C0927231ACD00EE1688 /* NFTVTests.xctest */;
			productType = "com.apple.product-type.bundle.unit-test";
		};
		C3025C1327231ACD00EE1688 /* NFTVUITests */ = {
			isa = PBXNativeTarget;
			buildConfigurationList = C3025C2127231ACD00EE1688 /* Build configuration list for PBXNativeTarget "NFTVUITests" */;
			buildPhases = (
				C3025C1027231ACD00EE1688 /* Sources */,
				C3025C1127231ACD00EE1688 /* Frameworks */,
				C3025C1227231ACD00EE1688 /* Resources */,
			);
			buildRules = (
			);
			dependencies = (
				C3025C1627231ACD00EE1688 /* PBXTargetDependency */,
			);
			name = NFTVUITests;
			productName = NFTVUITests;
			productReference = C3025C1427231ACD00EE1688 /* NFTVUITests.xctest */;
			productType = "com.apple.product-type.bundle.ui-testing";
		};
/* End PBXNativeTarget section */

/* Begin PBXProject section */
		C3025BB32723199300EE1688 /* Project object */ = {
			isa = PBXProject;
			attributes = {
				LastSwiftUpdateCheck = 1250;
				LastUpgradeCheck = 1250;
				TargetAttributes = {
					C3025BBE2723199700EE1688 = {
						CreatedOnToolsVersion = 12.5.1;
					};
					C3025BC62723199700EE1688 = {
						CreatedOnToolsVersion = 12.5.1;
					};
					C3025BCE2723199700EE1688 = {
						CreatedOnToolsVersion = 12.5.1;
						TestTargetID = C3025BBE2723199700EE1688;
					};
					C3025BD92723199700EE1688 = {
						CreatedOnToolsVersion = 12.5.1;
						TestTargetID = C3025BC62723199700EE1688;
					};
					C3025BF827231ACC00EE1688 = {
						CreatedOnToolsVersion = 12.5.1;
					};
					C3025C0827231ACD00EE1688 = {
						CreatedOnToolsVersion = 12.5.1;
						TestTargetID = C3025BF827231ACC00EE1688;
					};
					C3025C1327231ACD00EE1688 = {
						CreatedOnToolsVersion = 12.5.1;
						TestTargetID = C3025BF827231ACC00EE1688;
					};
				};
			};
			buildConfigurationList = C3025BB62723199300EE1688 /* Build configuration list for PBXProject "NFTV" */;
			compatibilityVersion = "Xcode 9.3";
			developmentRegion = en;
			hasScannedForEncodings = 0;
			knownRegions = (
				en,
				Base,
			);
			mainGroup = C3025BB22723199300EE1688;
			productRefGroup = C3025BC02723199700EE1688 /* Products */;
			projectDirPath = "";
			projectRoot = "";
			targets = (
				C3025BBE2723199700EE1688 /* NFTV (iOS) */,
				C3025BC62723199700EE1688 /* NFTV (macOS) */,
				C3025BCE2723199700EE1688 /* Tests iOS */,
				C3025BD92723199700EE1688 /* Tests macOS */,
				C3025BF827231ACC00EE1688 /* NFTV */,
				C3025C0827231ACD00EE1688 /* NFTVTests */,
				C3025C1327231ACD00EE1688 /* NFTVUITests */,
			);
		};
/* End PBXProject section */

/* Begin PBXResourcesBuildPhase section */
		C3025BBD2723199700EE1688 /* Resources */ = {
			isa = PBXResourcesBuildPhase;
			buildActionMask = 2147483647;
			files = (
				C3025BE52723199700EE1688 /* Assets.xcassets in Resources */,
			);
			runOnlyForDeploymentPostprocessing = 0;
		};
		C3025BC52723199700EE1688 /* Resources */ = {
			isa = PBXResourcesBuildPhase;
			buildActionMask = 2147483647;
			files = (
				C3025BE62723199700EE1688 /* Assets.xcassets in Resources */,
			);
			runOnlyForDeploymentPostprocessing = 0;
		};
		C3025BCD2723199700EE1688 /* Resources */ = {
			isa = PBXResourcesBuildPhase;
			buildActionMask = 2147483647;
			files = (
			);
			runOnlyForDeploymentPostprocessing = 0;
		};
		C3025BD82723199700EE1688 /* Resources */ = {
			isa = PBXResourcesBuildPhase;
			buildActionMask = 2147483647;
			files = (
			);
			runOnlyForDeploymentPostprocessing = 0;
		};
		C3025BF727231ACC00EE1688 /* Resources */ = {
			isa = PBXResourcesBuildPhase;
			buildActionMask = 2147483647;
			files = (
				C3025C0327231ACD00EE1688 /* Preview Assets.xcassets in Resources */,
				C3025C0027231ACD00EE1688 /* Assets.xcassets in Resources */,
			);
			runOnlyForDeploymentPostprocessing = 0;
		};
		C3025C0727231ACD00EE1688 /* Resources */ = {
			isa = PBXResourcesBuildPhase;
			buildActionMask = 2147483647;
			files = (
			);
			runOnlyForDeploymentPostprocessing = 0;
		};
		C3025C1227231ACD00EE1688 /* Resources */ = {
			isa = PBXResourcesBuildPhase;
			buildActionMask = 2147483647;
			files = (
			);
			runOnlyForDeploymentPostprocessing = 0;
		};
/* End PBXResourcesBuildPhase section */

/* Begin PBXSourcesBuildPhase section */
		C3025BBB2723199700EE1688 /* Sources */ = {
			isa = PBXSourcesBuildPhase;
			buildActionMask = 2147483647;
			files = (
				C3025BE32723199700EE1688 /* ContentView.swift in Sources */,
				C38109242726F83D004EF6C1 /* OpenSeaModel.swift in Sources */,
				C3BEF7092728461300C65A2D /* AccountInfo.swift in Sources */,
				C3810930272704FF004EF6C1 /* AccountImageView.swift in Sources */,
				C3025C3D2723A0E500EE1688 /* SignInView.swift in Sources */,
				C3025C3527239EF700EE1688 /* OpenSeaAccount.swift in Sources */,
				C3025C2827239B8700EE1688 /* ActivityView.swift in Sources */,
				C381092C272704AC004EF6C1 /* AccountDetailView.swift in Sources */,
				C3025C3127239ECB00EE1688 /* AccountView.swift in Sources */,
				C3025BE12723199700EE1688 /* NFTVApp.swift in Sources */,
				C3025C2627234FE800EE1688 /* OpenSeaAPI.swift in Sources */,
				C381093427270603004EF6C1 /* AccountTextStack.swift in Sources */,
			);
			runOnlyForDeploymentPostprocessing = 0;
		};
		C3025BC32723199700EE1688 /* Sources */ = {
			isa = PBXSourcesBuildPhase;
			buildActionMask = 2147483647;
			files = (
				C3025C3E2723A0E500EE1688 /* SignInView.swift in Sources */,
				C38109252726F83D004EF6C1 /* OpenSeaModel.swift in Sources */,
				C3BEF70A2728461300C65A2D /* AccountInfo.swift in Sources */,
				C3810931272704FF004EF6C1 /* AccountImageView.swift in Sources */,
				C3025C3627239EF700EE1688 /* OpenSeaAccount.swift in Sources */,
				C3025C3227239ECB00EE1688 /* AccountView.swift in Sources */,
				C3025BE42723199700EE1688 /* ContentView.swift in Sources */,
				C381092D272704AC004EF6C1 /* AccountDetailView.swift in Sources */,
				C3025BE22723199700EE1688 /* NFTVApp.swift in Sources */,
				C3AE50A42726E2C50015DB81 /* OpenSeaAPI.swift in Sources */,
				C3025C2927239B8700EE1688 /* ActivityView.swift in Sources */,
				C381093527270603004EF6C1 /* AccountTextStack.swift in Sources */,
			);
			runOnlyForDeploymentPostprocessing = 0;
		};
		C3025BCB2723199700EE1688 /* Sources */ = {
			isa = PBXSourcesBuildPhase;
			buildActionMask = 2147483647;
			files = (
				C3025BD42723199700EE1688 /* Tests_iOS.swift in Sources */,
				C381092A27270408004EF6C1 /* OpenSeaModel.swift in Sources */,
				C3810928272703C2004EF6C1 /* OpenSeaAccount.swift in Sources */,
				C3BEF70B2728461300C65A2D /* AccountInfo.swift in Sources */,
				C3810929272703F8004EF6C1 /* OpenSeaAPI.swift in Sources */,
			);
			runOnlyForDeploymentPostprocessing = 0;
		};
		C3025BD62723199700EE1688 /* Sources */ = {
			isa = PBXSourcesBuildPhase;
			buildActionMask = 2147483647;
			files = (
				C3025BDF2723199700EE1688 /* Tests_macOS.swift in Sources */,
			);
			runOnlyForDeploymentPostprocessing = 0;
		};
		C3025BF527231ACC00EE1688 /* Sources */ = {
			isa = PBXSourcesBuildPhase;
			buildActionMask = 2147483647;
			files = (
				C3025C3727239EF700EE1688 /* OpenSeaAccount.swift in Sources */,
				C38109262726F83D004EF6C1 /* OpenSeaModel.swift in Sources */,
				C3BEF70C2728461300C65A2D /* AccountInfo.swift in Sources */,
				C3810932272704FF004EF6C1 /* AccountImageView.swift in Sources */,
				C3AE51122726E4400015DB81 /* NFTVApp.swift in Sources */,
				C3AE50952726E26D0015DB81 /* ContentView.swift in Sources */,
				C3AE50AC2726E2C70015DB81 /* OpenSeaAPI.swift in Sources */,
				C381092E272704AC004EF6C1 /* AccountDetailView.swift in Sources */,
				C3025C3327239ECB00EE1688 /* AccountView.swift in Sources */,
				C3AE50DE2726E3B40015DB81 /* ActivityView.swift in Sources */,
				C3025C3F2723A0E500EE1688 /* SignInView.swift in Sources */,
				C381093627270603004EF6C1 /* AccountTextStack.swift in Sources */,
			);
			runOnlyForDeploymentPostprocessing = 0;
		};
		C3025C0527231ACD00EE1688 /* Sources */ = {
			isa = PBXSourcesBuildPhase;
			buildActionMask = 2147483647;
			files = (
				C3025C0E27231ACD00EE1688 /* NFTVTests.swift in Sources */,
			);
			runOnlyForDeploymentPostprocessing = 0;
		};
		C3025C1027231ACD00EE1688 /* Sources */ = {
			isa = PBXSourcesBuildPhase;
			buildActionMask = 2147483647;
			files = (
				C3025C1927231ACD00EE1688 /* NFTVUITests.swift in Sources */,
			);
			runOnlyForDeploymentPostprocessing = 0;
		};
/* End PBXSourcesBuildPhase section */

/* Begin PBXTargetDependency section */
		C3025BD12723199700EE1688 /* PBXTargetDependency */ = {
			isa = PBXTargetDependency;
			target = C3025BBE2723199700EE1688 /* NFTV (iOS) */;
			targetProxy = C3025BD02723199700EE1688 /* PBXContainerItemProxy */;
		};
		C3025BDC2723199700EE1688 /* PBXTargetDependency */ = {
			isa = PBXTargetDependency;
			target = C3025BC62723199700EE1688 /* NFTV (macOS) */;
			targetProxy = C3025BDB2723199700EE1688 /* PBXContainerItemProxy */;
		};
		C3025C0B27231ACD00EE1688 /* PBXTargetDependency */ = {
			isa = PBXTargetDependency;
			target = C3025BF827231ACC00EE1688 /* NFTV */;
			targetProxy = C3025C0A27231ACD00EE1688 /* PBXContainerItemProxy */;
		};
		C3025C1627231ACD00EE1688 /* PBXTargetDependency */ = {
			isa = PBXTargetDependency;
			target = C3025BF827231ACC00EE1688 /* NFTV */;
			targetProxy = C3025C1527231ACD00EE1688 /* PBXContainerItemProxy */;
		};
/* End PBXTargetDependency section */

/* Begin XCBuildConfiguration section */
		C3025BE72723199700EE1688 /* Debug */ = {
			isa = XCBuildConfiguration;
			buildSettings = {
				ALWAYS_SEARCH_USER_PATHS = NO;
				CLANG_ANALYZER_NONNULL = YES;
				CLANG_ANALYZER_NUMBER_OBJECT_CONVERSION = YES_AGGRESSIVE;
				CLANG_CXX_LANGUAGE_STANDARD = "gnu++14";
				CLANG_CXX_LIBRARY = "libc++";
				CLANG_ENABLE_MODULES = YES;
				CLANG_ENABLE_OBJC_ARC = YES;
				CLANG_ENABLE_OBJC_WEAK = YES;
				CLANG_WARN_BLOCK_CAPTURE_AUTORELEASING = YES;
				CLANG_WARN_BOOL_CONVERSION = YES;
				CLANG_WARN_COMMA = YES;
				CLANG_WARN_CONSTANT_CONVERSION = YES;
				CLANG_WARN_DEPRECATED_OBJC_IMPLEMENTATIONS = YES;
				CLANG_WARN_DIRECT_OBJC_ISA_USAGE = YES_ERROR;
				CLANG_WARN_DOCUMENTATION_COMMENTS = YES;
				CLANG_WARN_EMPTY_BODY = YES;
				CLANG_WARN_ENUM_CONVERSION = YES;
				CLANG_WARN_INFINITE_RECURSION = YES;
				CLANG_WARN_INT_CONVERSION = YES;
				CLANG_WARN_NON_LITERAL_NULL_CONVERSION = YES;
				CLANG_WARN_OBJC_IMPLICIT_RETAIN_SELF = YES;
				CLANG_WARN_OBJC_LITERAL_CONVERSION = YES;
				CLANG_WARN_OBJC_ROOT_CLASS = YES_ERROR;
				CLANG_WARN_QUOTED_INCLUDE_IN_FRAMEWORK_HEADER = YES;
				CLANG_WARN_RANGE_LOOP_ANALYSIS = YES;
				CLANG_WARN_STRICT_PROTOTYPES = YES;
				CLANG_WARN_SUSPICIOUS_MOVE = YES;
				CLANG_WARN_UNGUARDED_AVAILABILITY = YES_AGGRESSIVE;
				CLANG_WARN_UNREACHABLE_CODE = YES;
				CLANG_WARN__DUPLICATE_METHOD_MATCH = YES;
				COPY_PHASE_STRIP = NO;
				DEBUG_INFORMATION_FORMAT = dwarf;
				ENABLE_STRICT_OBJC_MSGSEND = YES;
				ENABLE_TESTABILITY = YES;
				GCC_C_LANGUAGE_STANDARD = gnu11;
				GCC_DYNAMIC_NO_PIC = NO;
				GCC_NO_COMMON_BLOCKS = YES;
				GCC_OPTIMIZATION_LEVEL = 0;
				GCC_PREPROCESSOR_DEFINITIONS = (
					"DEBUG=1",
					"$(inherited)",
				);
				GCC_WARN_64_TO_32_BIT_CONVERSION = YES;
				GCC_WARN_ABOUT_RETURN_TYPE = YES_ERROR;
				GCC_WARN_UNDECLARED_SELECTOR = YES;
				GCC_WARN_UNINITIALIZED_AUTOS = YES_AGGRESSIVE;
				GCC_WARN_UNUSED_FUNCTION = YES;
				GCC_WARN_UNUSED_VARIABLE = YES;
				MTL_ENABLE_DEBUG_INFO = INCLUDE_SOURCE;
				MTL_FAST_MATH = YES;
				ONLY_ACTIVE_ARCH = YES;
				SWIFT_ACTIVE_COMPILATION_CONDITIONS = DEBUG;
				SWIFT_OPTIMIZATION_LEVEL = "-Onone";
			};
			name = Debug;
		};
		C3025BE82723199700EE1688 /* Release */ = {
			isa = XCBuildConfiguration;
			buildSettings = {
				ALWAYS_SEARCH_USER_PATHS = NO;
				CLANG_ANALYZER_NONNULL = YES;
				CLANG_ANALYZER_NUMBER_OBJECT_CONVERSION = YES_AGGRESSIVE;
				CLANG_CXX_LANGUAGE_STANDARD = "gnu++14";
				CLANG_CXX_LIBRARY = "libc++";
				CLANG_ENABLE_MODULES = YES;
				CLANG_ENABLE_OBJC_ARC = YES;
				CLANG_ENABLE_OBJC_WEAK = YES;
				CLANG_WARN_BLOCK_CAPTURE_AUTORELEASING = YES;
				CLANG_WARN_BOOL_CONVERSION = YES;
				CLANG_WARN_COMMA = YES;
				CLANG_WARN_CONSTANT_CONVERSION = YES;
				CLANG_WARN_DEPRECATED_OBJC_IMPLEMENTATIONS = YES;
				CLANG_WARN_DIRECT_OBJC_ISA_USAGE = YES_ERROR;
				CLANG_WARN_DOCUMENTATION_COMMENTS = YES;
				CLANG_WARN_EMPTY_BODY = YES;
				CLANG_WARN_ENUM_CONVERSION = YES;
				CLANG_WARN_INFINITE_RECURSION = YES;
				CLANG_WARN_INT_CONVERSION = YES;
				CLANG_WARN_NON_LITERAL_NULL_CONVERSION = YES;
				CLANG_WARN_OBJC_IMPLICIT_RETAIN_SELF = YES;
				CLANG_WARN_OBJC_LITERAL_CONVERSION = YES;
				CLANG_WARN_OBJC_ROOT_CLASS = YES_ERROR;
				CLANG_WARN_QUOTED_INCLUDE_IN_FRAMEWORK_HEADER = YES;
				CLANG_WARN_RANGE_LOOP_ANALYSIS = YES;
				CLANG_WARN_STRICT_PROTOTYPES = YES;
				CLANG_WARN_SUSPICIOUS_MOVE = YES;
				CLANG_WARN_UNGUARDED_AVAILABILITY = YES_AGGRESSIVE;
				CLANG_WARN_UNREACHABLE_CODE = YES;
				CLANG_WARN__DUPLICATE_METHOD_MATCH = YES;
				COPY_PHASE_STRIP = NO;
				DEBUG_INFORMATION_FORMAT = "dwarf-with-dsym";
				ENABLE_NS_ASSERTIONS = NO;
				ENABLE_STRICT_OBJC_MSGSEND = YES;
				GCC_C_LANGUAGE_STANDARD = gnu11;
				GCC_NO_COMMON_BLOCKS = YES;
				GCC_WARN_64_TO_32_BIT_CONVERSION = YES;
				GCC_WARN_ABOUT_RETURN_TYPE = YES_ERROR;
				GCC_WARN_UNDECLARED_SELECTOR = YES;
				GCC_WARN_UNINITIALIZED_AUTOS = YES_AGGRESSIVE;
				GCC_WARN_UNUSED_FUNCTION = YES;
				GCC_WARN_UNUSED_VARIABLE = YES;
				MTL_ENABLE_DEBUG_INFO = NO;
				MTL_FAST_MATH = YES;
				SWIFT_COMPILATION_MODE = wholemodule;
				SWIFT_OPTIMIZATION_LEVEL = "-O";
			};
			name = Release;
		};
		C3025BEA2723199700EE1688 /* Debug */ = {
			isa = XCBuildConfiguration;
			buildSettings = {
				ASSETCATALOG_COMPILER_APPICON_NAME = AppIcon;
				ASSETCATALOG_COMPILER_GLOBAL_ACCENT_COLOR_NAME = AccentColor;
				CODE_SIGN_STYLE = Automatic;
				DEVELOPMENT_TEAM = 79TR88QV2P;
				ENABLE_PREVIEWS = YES;
				INFOPLIST_FILE = iOS/Info.plist;
				IPHONEOS_DEPLOYMENT_TARGET = 15.0;
				LD_RUNPATH_SEARCH_PATHS = (
					"$(inherited)",
					"@executable_path/Frameworks",
				);
				PRODUCT_BUNDLE_IDENTIFIER = com.canopy.NFTV;
				PRODUCT_NAME = NFTV;
				SDKROOT = iphoneos;
				SWIFT_VERSION = 5.0;
				TARGETED_DEVICE_FAMILY = "1,2";
			};
			name = Debug;
		};
		C3025BEB2723199700EE1688 /* Release */ = {
			isa = XCBuildConfiguration;
			buildSettings = {
				ASSETCATALOG_COMPILER_APPICON_NAME = AppIcon;
				ASSETCATALOG_COMPILER_GLOBAL_ACCENT_COLOR_NAME = AccentColor;
				CODE_SIGN_STYLE = Automatic;
				DEVELOPMENT_TEAM = 79TR88QV2P;
				ENABLE_PREVIEWS = YES;
				INFOPLIST_FILE = iOS/Info.plist;
				IPHONEOS_DEPLOYMENT_TARGET = 15.0;
				LD_RUNPATH_SEARCH_PATHS = (
					"$(inherited)",
					"@executable_path/Frameworks",
				);
				PRODUCT_BUNDLE_IDENTIFIER = com.canopy.NFTV;
				PRODUCT_NAME = NFTV;
				SDKROOT = iphoneos;
				SWIFT_VERSION = 5.0;
				TARGETED_DEVICE_FAMILY = "1,2";
				VALIDATE_PRODUCT = YES;
			};
			name = Release;
		};
		C3025BED2723199700EE1688 /* Debug */ = {
			isa = XCBuildConfiguration;
			buildSettings = {
				ASSETCATALOG_COMPILER_APPICON_NAME = AppIcon;
				ASSETCATALOG_COMPILER_GLOBAL_ACCENT_COLOR_NAME = AccentColor;
				CODE_SIGN_ENTITLEMENTS = macOS/macOS.entitlements;
				CODE_SIGN_STYLE = Automatic;
				COMBINE_HIDPI_IMAGES = YES;
				DEVELOPMENT_TEAM = 79TR88QV2P;
				ENABLE_HARDENED_RUNTIME = YES;
				ENABLE_PREVIEWS = YES;
				INFOPLIST_FILE = macOS/Info.plist;
				LD_RUNPATH_SEARCH_PATHS = (
					"$(inherited)",
					"@executable_path/../Frameworks",
				);
				MACOSX_DEPLOYMENT_TARGET = 11.0;
				PRODUCT_BUNDLE_IDENTIFIER = com.canopy.NFTV;
				PRODUCT_NAME = NFTV;
				SDKROOT = macosx;
				SWIFT_VERSION = 5.0;
			};
			name = Debug;
		};
		C3025BEE2723199700EE1688 /* Release */ = {
			isa = XCBuildConfiguration;
			buildSettings = {
				ASSETCATALOG_COMPILER_APPICON_NAME = AppIcon;
				ASSETCATALOG_COMPILER_GLOBAL_ACCENT_COLOR_NAME = AccentColor;
				CODE_SIGN_ENTITLEMENTS = macOS/macOS.entitlements;
				CODE_SIGN_STYLE = Automatic;
				COMBINE_HIDPI_IMAGES = YES;
				DEVELOPMENT_TEAM = 79TR88QV2P;
				ENABLE_HARDENED_RUNTIME = YES;
				ENABLE_PREVIEWS = YES;
				INFOPLIST_FILE = macOS/Info.plist;
				LD_RUNPATH_SEARCH_PATHS = (
					"$(inherited)",
					"@executable_path/../Frameworks",
				);
				MACOSX_DEPLOYMENT_TARGET = 11.0;
				PRODUCT_BUNDLE_IDENTIFIER = com.canopy.NFTV;
				PRODUCT_NAME = NFTV;
				SDKROOT = macosx;
				SWIFT_VERSION = 5.0;
			};
			name = Release;
		};
		C3025BF02723199700EE1688 /* Debug */ = {
			isa = XCBuildConfiguration;
			buildSettings = {
				ALWAYS_EMBED_SWIFT_STANDARD_LIBRARIES = YES;
				CODE_SIGN_STYLE = Automatic;
				DEVELOPMENT_TEAM = 79TR88QV2P;
				INFOPLIST_FILE = "Tests iOS/Info.plist";
				IPHONEOS_DEPLOYMENT_TARGET = 15.0;
				LD_RUNPATH_SEARCH_PATHS = (
					"$(inherited)",
					"@executable_path/Frameworks",
					"@loader_path/Frameworks",
				);
				PRODUCT_BUNDLE_IDENTIFIER = "com.canopy.Tests-iOS";
				PRODUCT_NAME = "$(TARGET_NAME)";
				SDKROOT = iphoneos;
				SWIFT_VERSION = 5.0;
				TARGETED_DEVICE_FAMILY = "1,2";
				TEST_TARGET_NAME = "NFTV (iOS)";
			};
			name = Debug;
		};
		C3025BF12723199700EE1688 /* Release */ = {
			isa = XCBuildConfiguration;
			buildSettings = {
				ALWAYS_EMBED_SWIFT_STANDARD_LIBRARIES = YES;
				CODE_SIGN_STYLE = Automatic;
				DEVELOPMENT_TEAM = 79TR88QV2P;
				INFOPLIST_FILE = "Tests iOS/Info.plist";
				IPHONEOS_DEPLOYMENT_TARGET = 15.0;
				LD_RUNPATH_SEARCH_PATHS = (
					"$(inherited)",
					"@executable_path/Frameworks",
					"@loader_path/Frameworks",
				);
				PRODUCT_BUNDLE_IDENTIFIER = "com.canopy.Tests-iOS";
				PRODUCT_NAME = "$(TARGET_NAME)";
				SDKROOT = iphoneos;
				SWIFT_VERSION = 5.0;
				TARGETED_DEVICE_FAMILY = "1,2";
				TEST_TARGET_NAME = "NFTV (iOS)";
				VALIDATE_PRODUCT = YES;
			};
			name = Release;
		};
		C3025BF32723199700EE1688 /* Debug */ = {
			isa = XCBuildConfiguration;
			buildSettings = {
				ALWAYS_EMBED_SWIFT_STANDARD_LIBRARIES = YES;
				CODE_SIGN_STYLE = Automatic;
				COMBINE_HIDPI_IMAGES = YES;
				DEVELOPMENT_TEAM = 79TR88QV2P;
				INFOPLIST_FILE = "Tests macOS/Info.plist";
				LD_RUNPATH_SEARCH_PATHS = (
					"$(inherited)",
					"@executable_path/../Frameworks",
					"@loader_path/../Frameworks",
				);
				MACOSX_DEPLOYMENT_TARGET = 11.0;
				PRODUCT_BUNDLE_IDENTIFIER = "com.canopy.Tests-macOS";
				PRODUCT_NAME = "$(TARGET_NAME)";
				SDKROOT = macosx;
				SWIFT_VERSION = 5.0;
				TEST_TARGET_NAME = "NFTV (macOS)";
			};
			name = Debug;
		};
		C3025BF42723199700EE1688 /* Release */ = {
			isa = XCBuildConfiguration;
			buildSettings = {
				ALWAYS_EMBED_SWIFT_STANDARD_LIBRARIES = YES;
				CODE_SIGN_STYLE = Automatic;
				COMBINE_HIDPI_IMAGES = YES;
				DEVELOPMENT_TEAM = 79TR88QV2P;
				INFOPLIST_FILE = "Tests macOS/Info.plist";
				LD_RUNPATH_SEARCH_PATHS = (
					"$(inherited)",
					"@executable_path/../Frameworks",
					"@loader_path/../Frameworks",
				);
				MACOSX_DEPLOYMENT_TARGET = 11.0;
				PRODUCT_BUNDLE_IDENTIFIER = "com.canopy.Tests-macOS";
				PRODUCT_NAME = "$(TARGET_NAME)";
				SDKROOT = macosx;
				SWIFT_VERSION = 5.0;
				TEST_TARGET_NAME = "NFTV (macOS)";
			};
			name = Release;
		};
		C3025C1C27231ACD00EE1688 /* Debug */ = {
			isa = XCBuildConfiguration;
			buildSettings = {
				ASSETCATALOG_COMPILER_APPICON_NAME = "App Icon & Top Shelf Image";
				ASSETCATALOG_COMPILER_GLOBAL_ACCENT_COLOR_NAME = AccentColor;
				CODE_SIGN_STYLE = Automatic;
				DEVELOPMENT_ASSET_PATHS = "\"NFTV/Preview Content\"";
				DEVELOPMENT_TEAM = 79TR88QV2P;
				ENABLE_PREVIEWS = YES;
				INFOPLIST_FILE = NFTV/Info.plist;
				LD_RUNPATH_SEARCH_PATHS = (
					"$(inherited)",
					"@executable_path/Frameworks",
				);
				PRODUCT_BUNDLE_IDENTIFIER = com.canopy.NFTV;
				PRODUCT_NAME = "$(TARGET_NAME)";
				SDKROOT = appletvos;
				SWIFT_VERSION = 5.0;
				TARGETED_DEVICE_FAMILY = 3;
				TVOS_DEPLOYMENT_TARGET = 15.0;
			};
			name = Debug;
		};
		C3025C1D27231ACD00EE1688 /* Release */ = {
			isa = XCBuildConfiguration;
			buildSettings = {
				ASSETCATALOG_COMPILER_APPICON_NAME = "App Icon & Top Shelf Image";
				ASSETCATALOG_COMPILER_GLOBAL_ACCENT_COLOR_NAME = AccentColor;
				CODE_SIGN_STYLE = Automatic;
				DEVELOPMENT_ASSET_PATHS = "\"NFTV/Preview Content\"";
				DEVELOPMENT_TEAM = 79TR88QV2P;
				ENABLE_PREVIEWS = YES;
				INFOPLIST_FILE = NFTV/Info.plist;
				LD_RUNPATH_SEARCH_PATHS = (
					"$(inherited)",
					"@executable_path/Frameworks",
				);
				PRODUCT_BUNDLE_IDENTIFIER = com.canopy.NFTV;
				PRODUCT_NAME = "$(TARGET_NAME)";
				SDKROOT = appletvos;
				SWIFT_VERSION = 5.0;
				TARGETED_DEVICE_FAMILY = 3;
				TVOS_DEPLOYMENT_TARGET = 15.0;
				VALIDATE_PRODUCT = YES;
			};
			name = Release;
		};
		C3025C1F27231ACD00EE1688 /* Debug */ = {
			isa = XCBuildConfiguration;
			buildSettings = {
				ALWAYS_EMBED_SWIFT_STANDARD_LIBRARIES = YES;
				BUNDLE_LOADER = "$(TEST_HOST)";
				CODE_SIGN_STYLE = Automatic;
				DEVELOPMENT_TEAM = 79TR88QV2P;
				INFOPLIST_FILE = NFTVTests/Info.plist;
				LD_RUNPATH_SEARCH_PATHS = (
					"$(inherited)",
					"@executable_path/Frameworks",
					"@loader_path/Frameworks",
				);
				PRODUCT_BUNDLE_IDENTIFIER = com.canopy.NFTVTests;
				PRODUCT_NAME = "$(TARGET_NAME)";
				SDKROOT = appletvos;
				SWIFT_VERSION = 5.0;
				TARGETED_DEVICE_FAMILY = 3;
				TEST_HOST = "$(BUILT_PRODUCTS_DIR)/NFTV.app/NFTV";
				TVOS_DEPLOYMENT_TARGET = 14.2;
			};
			name = Debug;
		};
		C3025C2027231ACD00EE1688 /* Release */ = {
			isa = XCBuildConfiguration;
			buildSettings = {
				ALWAYS_EMBED_SWIFT_STANDARD_LIBRARIES = YES;
				BUNDLE_LOADER = "$(TEST_HOST)";
				CODE_SIGN_STYLE = Automatic;
				DEVELOPMENT_TEAM = 79TR88QV2P;
				INFOPLIST_FILE = NFTVTests/Info.plist;
				LD_RUNPATH_SEARCH_PATHS = (
					"$(inherited)",
					"@executable_path/Frameworks",
					"@loader_path/Frameworks",
				);
				PRODUCT_BUNDLE_IDENTIFIER = com.canopy.NFTVTests;
				PRODUCT_NAME = "$(TARGET_NAME)";
				SDKROOT = appletvos;
				SWIFT_VERSION = 5.0;
				TARGETED_DEVICE_FAMILY = 3;
				TEST_HOST = "$(BUILT_PRODUCTS_DIR)/NFTV.app/NFTV";
				TVOS_DEPLOYMENT_TARGET = 14.2;
				VALIDATE_PRODUCT = YES;
			};
			name = Release;
		};
		C3025C2227231ACD00EE1688 /* Debug */ = {
			isa = XCBuildConfiguration;
			buildSettings = {
				ALWAYS_EMBED_SWIFT_STANDARD_LIBRARIES = YES;
				CODE_SIGN_STYLE = Automatic;
				DEVELOPMENT_TEAM = 79TR88QV2P;
				INFOPLIST_FILE = NFTVUITests/Info.plist;
				LD_RUNPATH_SEARCH_PATHS = (
					"$(inherited)",
					"@executable_path/Frameworks",
					"@loader_path/Frameworks",
				);
				PRODUCT_BUNDLE_IDENTIFIER = com.canopy.NFTVUITests;
				PRODUCT_NAME = "$(TARGET_NAME)";
				SDKROOT = appletvos;
				SWIFT_VERSION = 5.0;
				TARGETED_DEVICE_FAMILY = 3;
				TEST_TARGET_NAME = NFTV;
				TVOS_DEPLOYMENT_TARGET = 14.2;
			};
			name = Debug;
		};
		C3025C2327231ACD00EE1688 /* Release */ = {
			isa = XCBuildConfiguration;
			buildSettings = {
				ALWAYS_EMBED_SWIFT_STANDARD_LIBRARIES = YES;
				CODE_SIGN_STYLE = Automatic;
				DEVELOPMENT_TEAM = 79TR88QV2P;
				INFOPLIST_FILE = NFTVUITests/Info.plist;
				LD_RUNPATH_SEARCH_PATHS = (
					"$(inherited)",
					"@executable_path/Frameworks",
					"@loader_path/Frameworks",
				);
				PRODUCT_BUNDLE_IDENTIFIER = com.canopy.NFTVUITests;
				PRODUCT_NAME = "$(TARGET_NAME)";
				SDKROOT = appletvos;
				SWIFT_VERSION = 5.0;
				TARGETED_DEVICE_FAMILY = 3;
				TEST_TARGET_NAME = NFTV;
				TVOS_DEPLOYMENT_TARGET = 14.2;
				VALIDATE_PRODUCT = YES;
			};
			name = Release;
		};
/* End XCBuildConfiguration section */

/* Begin XCConfigurationList section */
		C3025BB62723199300EE1688 /* Build configuration list for PBXProject "NFTV" */ = {
			isa = XCConfigurationList;
			buildConfigurations = (
				C3025BE72723199700EE1688 /* Debug */,
				C3025BE82723199700EE1688 /* Release */,
			);
			defaultConfigurationIsVisible = 0;
			defaultConfigurationName = Release;
		};
		C3025BE92723199700EE1688 /* Build configuration list for PBXNativeTarget "NFTV (iOS)" */ = {
			isa = XCConfigurationList;
			buildConfigurations = (
				C3025BEA2723199700EE1688 /* Debug */,
				C3025BEB2723199700EE1688 /* Release */,
			);
			defaultConfigurationIsVisible = 0;
			defaultConfigurationName = Release;
		};
		C3025BEC2723199700EE1688 /* Build configuration list for PBXNativeTarget "NFTV (macOS)" */ = {
			isa = XCConfigurationList;
			buildConfigurations = (
				C3025BED2723199700EE1688 /* Debug */,
				C3025BEE2723199700EE1688 /* Release */,
			);
			defaultConfigurationIsVisible = 0;
			defaultConfigurationName = Release;
		};
		C3025BEF2723199700EE1688 /* Build configuration list for PBXNativeTarget "Tests iOS" */ = {
			isa = XCConfigurationList;
			buildConfigurations = (
				C3025BF02723199700EE1688 /* Debug */,
				C3025BF12723199700EE1688 /* Release */,
			);
			defaultConfigurationIsVisible = 0;
			defaultConfigurationName = Release;
		};
		C3025BF22723199700EE1688 /* Build configuration list for PBXNativeTarget "Tests macOS" */ = {
			isa = XCConfigurationList;
			buildConfigurations = (
				C3025BF32723199700EE1688 /* Debug */,
				C3025BF42723199700EE1688 /* Release */,
			);
			defaultConfigurationIsVisible = 0;
			defaultConfigurationName = Release;
		};
		C3025C1B27231ACD00EE1688 /* Build configuration list for PBXNativeTarget "NFTV" */ = {
			isa = XCConfigurationList;
			buildConfigurations = (
				C3025C1C27231ACD00EE1688 /* Debug */,
				C3025C1D27231ACD00EE1688 /* Release */,
			);
			defaultConfigurationIsVisible = 0;
			defaultConfigurationName = Release;
		};
		C3025C1E27231ACD00EE1688 /* Build configuration list for PBXNativeTarget "NFTVTests" */ = {
			isa = XCConfigurationList;
			buildConfigurations = (
				C3025C1F27231ACD00EE1688 /* Debug */,
				C3025C2027231ACD00EE1688 /* Release */,
			);
			defaultConfigurationIsVisible = 0;
			defaultConfigurationName = Release;
		};
		C3025C2127231ACD00EE1688 /* Build configuration list for PBXNativeTarget "NFTVUITests" */ = {
			isa = XCConfigurationList;
			buildConfigurations = (
				C3025C2227231ACD00EE1688 /* Debug */,
				C3025C2327231ACD00EE1688 /* Release */,
			);
			defaultConfigurationIsVisible = 0;
			defaultConfigurationName = Release;
		};
/* End XCConfigurationList section */
	};
	rootObject = C3025BB32723199300EE1688 /* Project object */;
}
